
Microsoft Visual Studio Solution File, Format Version 12.00
# Visual Studio Version 17
VisualStudioVersion = 17.0.31903.59
MinimumVisualStudioVersion = 10.0.40219.1
Project("{FAE04EC0-301F-11D3-BF4B-00C04F79EFBC}") = "Pomodoro.Console", "Pomodoro.Console\Pomodoro.Console.csproj", "{5DA40356-7785-4509-9C94-71C2932B79E2}"
EndProject
Project("{FAE04EC0-301F-11D3-BF4B-00C04F79EFBC}") = "Pomodoro.Library", "Pomodoro.Library\Pomodoro.Library.csproj", "{CFD2BCE4-9A24-4059-AA85-9E3A3F950F3F}"
EndProject
Global
	GlobalSection(SolutionConfigurationPlatforms) = preSolution
		Debug|Any CPU = Debug|Any CPU
		Release|Any CPU = Release|Any CPU
	EndGlobalSection
	GlobalSection(SolutionProperties) = preSolution
		HideSolutionNode = FALSE
	EndGlobalSection
	GlobalSection(ProjectConfigurationPlatforms) = postSolution
		{5DA40356-7785-4509-9C94-71C2932B79E2}.Debug|Any CPU.ActiveCfg = Debug|Any CPU
		{5DA40356-7785-4509-9C94-71C2932B79E2}.Debug|Any CPU.Build.0 = Debug|Any CPU
		{5DA40356-7785-4509-9C94-71C2932B79E2}.Release|Any CPU.ActiveCfg = Release|Any CPU
		{5DA40356-7785-4509-9C94-71C2932B79E2}.Release|Any CPU.Build.0 = Release|Any CPU
		{CFD2BCE4-9A24-4059-AA85-9E3A3F950F3F}.Debug|Any CPU.ActiveCfg = Debug|Any CPU
		{CFD2BCE4-9A24-4059-AA85-9E3A3F950F3F}.Debug|Any CPU.Build.0 = Debug|Any CPU
		{CFD2BCE4-9A24-4059-AA85-9E3A3F950F3F}.Release|Any CPU.ActiveCfg = Release|Any CPU
		{CFD2BCE4-9A24-4059-AA85-9E3A3F950F3F}.Release|Any CPU.Build.0 = Release|Any CPU
		{853E667B-48D8-46C9-95A6-3D5B27816005}.Debug|Any CPU.ActiveCfg = Debug|Any CPU
		{853E667B-48D8-46C9-95A6-3D5B27816005}.Debug|Any CPU.Build.0 = Debug|Any CPU
		{853E667B-48D8-46C9-95A6-3D5B27816005}.Release|Any CPU.ActiveCfg = Release|Any CPU
		{853E667B-48D8-46C9-95A6-3D5B27816005}.Release|Any CPU.Build.0 = Release|Any CPU
	EndGlobalSection
EndGlobal
